
Microsoft Visual Studio Solution File, Format Version 12.00
Project("{FAE04EC0-301F-11D3-BF4B-00C04F79EFBC}") = "TradeProjectAppAvalonia", "TradeProjectAppAvalonia.csproj", "{A486C3F2-C12F-47B3-AA5F-724677AB719B}"
EndProject
Global
	GlobalSection(SolutionConfigurationPlatforms) = preSolution
		Debug|Any CPU = Debug|Any CPU
		Release|Any CPU = Release|Any CPU
	EndGlobalSection
	GlobalSection(ProjectConfigurationPlatforms) = postSolution
		{A486C3F2-C12F-47B3-AA5F-724677AB719B}.Debug|Any CPU.ActiveCfg = Debug|Any CPU
		{A486C3F2-C12F-47B3-AA5F-724677AB719B}.Debug|Any CPU.Build.0 = Debug|Any CPU
		{A486C3F2-C12F-47B3-AA5F-724677AB719B}.Release|Any CPU.ActiveCfg = Release|Any CPU
		{A486C3F2-C12F-47B3-AA5F-724677AB719B}.Release|Any CPU.Build.0 = Release|Any CPU
	EndGlobalSection
EndGlobal
